
Microsoft Visual Studio Solution File, Format Version 12.00
# Visual Studio 15
VisualStudioVersion = 15.0.28307.106
MinimumVisualStudioVersion = 10.0.40219.1
Project("{FAE04EC0-301F-11D3-BF4B-00C04F79EFBC}") = "TimSort", "TimSort\TimSort.csproj", "{1B9C0B77-4BD2-4B8D-AA2F-B6C0C506F926}"
EndProject
Global
	GlobalSection(SolutionConfigurationPlatforms) = preSolution
		Debug|Any CPU = Debug|Any CPU
		Release|Any CPU = Release|Any CPU
	EndGlobalSection
	GlobalSection(ProjectConfigurationPlatforms) = postSolution
		{1B9C0B77-4BD2-4B8D-AA2F-B6C0C506F926}.Debug|Any CPU.ActiveCfg = Debug|Any CPU
		{1B9C0B77-4BD2-4B8D-AA2F-B6C0C506F926}.Debug|Any CPU.Build.0 = Debug|Any CPU
		{1B9C0B77-4BD2-4B8D-AA2F-B6C0C506F926}.Release|Any CPU.ActiveCfg = Release|Any CPU
		{1B9C0B77-4BD2-4B8D-AA2F-B6C0C506F926}.Release|Any CPU.Build.0 = Release|Any CPU
	EndGlobalSection
	GlobalSection(SolutionProperties) = preSolution
		HideSolutionNode = FALSE
	EndGlobalSection
	GlobalSection(ExtensibilityGlobals) = postSolution
		SolutionGuid = {CF670E7E-9B06-4307-9A7D-B61915465BB9}
	EndGlobalSection
EndGlobal
